{
  "name": "ts-runtime-typeguard",
  "version": "1.0.0",
  "lockfileVersion": 1,
  "requires": true,
  "dependencies": {
    "fp-ts": {
      "version": "1.13.0",
      "resolved": "https://registry.npmjs.org/fp-ts/-/fp-ts-1.13.0.tgz",
      "integrity": "sha512-QDPtCkuLay+dX3zinnvt0ER+j8mdWZZSpM//DIY3GycgwUTDPBKFD7CxX5DU/mIDstcWqGuuUSrMNtB6MWluCQ=="
    },
    "io-ts": {
      "version": "1.7.1",
      "resolved": "https://registry.npmjs.org/io-ts/-/io-ts-1.7.1.tgz",
      "integrity": "sha512-V+rO5TIYWTR/3x7v5D0r4MzTzJ6VA0EBCnn4zW2atK8mDiMXqApDLIIMEwiEPWoFWhpVRS9KPwNSI4Qu8iq7GA==",
      "requires": {
        "fp-ts": "^1.0.0"
      }
    },
    "lodash": {
      "version": "4.17.11",
      "resolved": "https://registry.npmjs.org/lodash/-/lodash-4.17.11.tgz",
      "integrity": "sha512-cQKh8igo5QUhZ7lg38DYWAxMvjSAKG0A8wGSVimP07SIUEK2UO+arSRKbRZWtelMtN5V0Hkwh5ryOto/SshYIg=="
    }
  }
}
